// !$*UTF8*$!
{
	archiveVersion = 1;
	classes = {
	};
	objectVersion = 46;
	objects = {

/* Begin PBXBuildFile section */
		8847D8B61D1AD0F700A087DB /* AppDelegate.swift in Sources */ = {isa = PBXBuildFile; fileRef = 8847D8B51D1AD0F700A087DB /* AppDelegate.swift */; };
		8847D8B81D1AD0F700A087DB /* ViewController.swift in Sources */ = {isa = PBXBuildFile; fileRef = 8847D8B71D1AD0F700A087DB /* ViewController.swift */; };
		8847D8BB1D1AD0F700A087DB /* Main.storyboard in Resources */ = {isa = PBXBuildFile; fileRef = 8847D8B91D1AD0F700A087DB /* Main.storyboard */; };
		8847D8BD1D1AD0F700A087DB /* Assets.xcassets in Resources */ = {isa = PBXBuildFile; fileRef = 8847D8BC1D1AD0F700A087DB /* Assets.xcassets */; };
		8847D8C01D1AD0F700A087DB /* LaunchScreen.storyboard in Resources */ = {isa = PBXBuildFile; fileRef = 8847D8BE1D1AD0F700A087DB /* LaunchScreen.storyboard */; };
/* End PBXBuildFile section */

/* Begin PBXFileReference section */
		8847D8B21D1AD0F700A087DB /* Double Boom.app */ = {isa = PBXFileReference; explicitFileType = wrapper.application; includeInIndex = 0; path = "Double Boom.app"; sourceTree = BUILT_PRODUCTS_DIR; };
		8847D8B51D1AD0F700A087DB /* AppDelegate.swift */ = {isa = PBXFileReference; lastKnownFileType = sourcecode.swift; path = AppDelegate.swift; sourceTree = "<group>"; };
		8847D8B71D1AD0F700A087DB /* ViewController.swift */ = {isa = PBXFileReference; lastKnownFileType = sourcecode.swift; path = ViewController.swift; sourceTree = "<group>"; };
		8847D8BA1D1AD0F700A087DB /* Base */ = {isa = PBXFileReference; lastKnownFileType = file.storyboard; name = Base; path = Base.lproj/Main.storyboard; sourceTree = "<group>"; };
		8847D8BC1D1AD0F700A087DB /* Assets.xcassets */ = {isa = PBXFileReference; lastKnownFileType = folder.assetcatalog; path = Assets.xcassets; sourceTree = "<group>"; };
		8847D8BF1D1AD0F700A087DB /* Base */ = {isa = PBXFileReference; lastKnownFileType = file.storyboard; name = Base; path = Base.lproj/LaunchScreen.storyboard; sourceTree = "<group>"; };
		8847D8C11D1AD0F700A087DB /* Info.plist */ = {isa = PBXFileReference; lastKnownFileType = text.plist.xml; path = Info.plist; sourceTree = "<group>"; };
/* End PBXFileReference section */

/* Begin PBXFrameworksBuildPhase section */
		8847D8AF1D1AD0F700A087DB /* Frameworks */ = {
			isa = PBXFrameworksBuildPhase;
			buildActionMask = 2147483647;
			files = (
			);
			runOnlyForDeploymentPostprocessing = 0;
		};
/* End PBXFrameworksBuildPhase section */

/* Begin PBXGroup section */
		8847D8A91D1AD0F700A087DB = {
			isa = PBXGroup;
			children = (
				8847D8B41D1AD0F700A087DB /* Double Boom */,
				8847D8B31D1AD0F700A087DB /* Products */,
			);
			sourceTree = "<group>";
		};
		8847D8B31D1AD0F700A087DB /* Products */ = {
			isa = PBXGroup;
			children = (
				8847D8B21D1AD0F700A087DB /* Double Boom.app */,
			);
			name = Products;
			sourceTree = "<group>";
		};
		8847D8B41D1AD0F700A087DB /* Double Boom */ = {
			isa = PBXGroup;
			children = (
				8847D8B51D1AD0F700A087DB /* AppDelegate.swift */,
				8847D8B71D1AD0F700A087DB /* ViewController.swift */,
				8847D8B91D1AD0F700A087DB /* Main.storyboard */,
				8847D8BC1D1AD0F700A087DB /* Assets.xcassets */,
				8847D8BE1D1AD0F700A087DB /* LaunchScreen.storyboard */,
				8847D8C11D1AD0F700A087DB /* Info.plist */,
			);
			path = "Double Boom";
			sourceTree = "<group>";
		};
/* End PBXGroup section */

/* Begin PBXNativeTarget section */
		8847D8B11D1AD0F700A087DB /* Double Boom */ = {
			isa = PBXNativeTarget;
			buildConfigurationList = 8847D8C41D1AD0F700A087DB /* Build configuration list for PBXNativeTarget "Double Boom" */;
			buildPhases = (
				8847D8AE1D1AD0F700A087DB /* Sources */,
				8847D8AF1D1AD0F700A087DB /* Frameworks */,
				8847D8B01D1AD0F700A087DB /* Resources */,
			);
			buildRules = (
			);
			dependencies = (
			);
			name = "Double Boom";
			productName = "Double Boom";
			productReference = 8847D8B21D1AD0F700A087DB /* Double Boom.app */;
			productType = "com.apple.product-type.application";
		};
/* End PBXNativeTarget section */

/* Begin PBXProject section */
		8847D8AA1D1AD0F700A087DB /* Project object */ = {
			isa = PBXProject;
			attributes = {
				LastSwiftUpdateCheck = 0730;
				LastUpgradeCheck = 0730;
				ORGANIZATIONNAME = Adam;
				TargetAttributes = {
					8847D8B11D1AD0F700A087DB = {
						CreatedOnToolsVersion = 7.3.1;
					};
				};
			};
			buildConfigurationList = 8847D8AD1D1AD0F700A087DB /* Build configuration list for PBXProject "Double Boom" */;
			compatibilityVersion = "Xcode 3.2";
			developmentRegion = English;
			hasScannedForEncodings = 0;
			knownRegions = (
				en,
				Base,
			);
			mainGroup = 8847D8A91D1AD0F700A087DB;
			productRefGroup = 8847D8B31D1AD0F700A087DB /* Products */;
			projectDirPath = "";
			projectRoot = "";
			targets = (
				8847D8B11D1AD0F700A087DB /* Double Boom */,
			);
		};
/* End PBXProject section */

/* Begin PBXResourcesBuildPhase section */
		8847D8B01D1AD0F700A087DB /* Resources */ = {
			isa = PBXResourcesBuildPhase;
			buildActionMask = 2147483647;
			files = (
				8847D8C01D1AD0F700A087DB /* LaunchScreen.storyboard in Resources */,
				8847D8BD1D1AD0F700A087DB /* Assets.xcassets in Resources */,
				8847D8BB1D1AD0F700A087DB /* Main.storyboard in Resources */,
			);
			runOnlyForDeploymentPostprocessing = 0;
		};
/* End PBXResourcesBuildPhase section */

/* Begin PBXSourcesBuildPhase section */
		8847D8AE1D1AD0F700A087DB /* Sources */ = {
			isa = PBXSourcesBuildPhase;
			buildActionMask = 2147483647;
			files = (
				8847D8B81D1AD0F700A087DB /* ViewController.swift in Sources */,
				8847D8B61D1AD0F700A087DB /* AppDelegate.swift in Sources */,
			);
			runOnlyForDeploymentPostprocessing = 0;
		};
/* End PBXSourcesBuildPhase section */

/* Begin PBXVariantGroup section */
		8847D8B91D1AD0F700A087DB /* Main.storyboard */ = {
			isa = PBXVariantGroup;
			children = (
				8847D8BA1D1AD0F700A087DB /* Base */,
			);
			name = Main.storyboard;
			sourceTree = "<group>";
		};
		8847D8BE1D1AD0F700A087DB /* LaunchScreen.storyboard */ = {
			isa = PBXVariantGroup;
			children = (
				8847D8BF1D1AD0F700A087DB /* Base */,
			);
			name = LaunchScreen.storyboard;
			sourceTree = "<group>";
		};
/* End PBXVariantGroup section */

/* Begin XCBuildConfiguration section */
		8847D8C21D1AD0F700A087DB /* Debug */ = {
			isa = XCBuildConfiguration;
			buildSettings = {
				ALWAYS_SEARCH_USER_PATHS = NO;
				CLANG_ANALYZER_NONNULL = YES;
				CLANG_CXX_LANGUAGE_STANDARD = "gnu++0x";
				CLANG_CXX_LIBRARY = "libc++";
				CLANG_ENABLE_MODULES = YES;
				CLANG_ENABLE_OBJC_ARC = YES;
				CLANG_WARN_BOOL_CONVERSION = YES;
				CLANG_WARN_CONSTANT_CONVERSION = YES;
				CLANG_WARN_DIRECT_OBJC_ISA_USAGE = YES_ERROR;
				CLANG_WARN_EMPTY_BODY = YES;
				CLANG_WARN_ENUM_CONVERSION = YES;
				CLANG_WARN_INT_CONVERSION = YES;
				CLANG_WARN_OBJC_ROOT_CLASS = YES_ERROR;
				CLANG_WARN_UNREACHABLE_CODE = YES;
				CLANG_WARN__DUPLICATE_METHOD_MATCH = YES;
				"CODE_SIGN_IDENTITY[sdk=iphoneos*]" = "iPhone Developer";
				COPY_PHASE_STRIP = NO;
				DEBUG_INFORMATION_FORMAT = dwarf;
				ENABLE_STRICT_OBJC_MSGSEND = YES;
				ENABLE_TESTABILITY = YES;
				GCC_C_LANGUAGE_STANDARD = gnu99;
				GCC_DYNAMIC_NO_PIC = NO;
				GCC_NO_COMMON_BLOCKS = YES;
				GCC_OPTIMIZATION_LEVEL = 0;
				GCC_PREPROCESSOR_DEFINITIONS = (
					"DEBUG=1",
					"$(inherited)",
				);
				GCC_WARN_64_TO_32_BIT_CONVERSION = YES;
				GCC_WARN_ABOUT_RETURN_TYPE = YES_ERROR;
				GCC_WARN_UNDECLARED_SELECTOR = YES;
				GCC_WARN_UNINITIALIZED_AUTOS = YES_AGGRESSIVE;
				GCC_WARN_UNUSED_FUNCTION = YES;
				GCC_WARN_UNUSED_VARIABLE = YES;
				IPHONEOS_DEPLOYMENT_TARGET = 9.3;
				MTL_ENABLE_DEBUG_INFO = YES;
				ONLY_ACTIVE_ARCH = YES;
				SDKROOT = iphoneos;
				SWIFT_OPTIMIZATION_LEVEL = "-Onone";
			};
			name = Debug;
		};
		8847D8C31D1AD0F700A087DB /* Release */ = {
			isa = XCBuildConfiguration;
			buildSettings = {
				ALWAYS_SEARCH_USER_PATHS = NO;
				CLANG_ANALYZER_NONNULL = YES;
				CLANG_CXX_LANGUAGE_STANDARD = "gnu++0x";
				CLANG_CXX_LIBRARY = "libc++";
				CLANG_ENABLE_MODULES = YES;
				CLANG_ENABLE_OBJC_ARC = YES;
				CLANG_WARN_BOOL_CONVERSION = YES;
				CLANG_WARN_CONSTANT_CONVERSION = YES;
				CLANG_WARN_DIRECT_OBJC_ISA_USAGE = YES_ERROR;
				CLANG_WARN_EMPTY_BODY = YES;
				CLANG_WARN_ENUM_CONVERSION = YES;
				CLANG_WARN_INT_CONVERSION = YES;
				CLANG_WARN_OBJC_ROOT_CLASS = YES_ERROR;
				CLANG_WARN_UNREACHABLE_CODE = YES;
				CLANG_WARN__DUPLICATE_METHOD_MATCH = YES;
				"CODE_SIGN_IDENTITY[sdk=iphoneos*]" = "iPhone Developer";
				COPY_PHASE_STRIP = NO;
				DEBUG_INFORMATION_FORMAT = "dwarf-with-dsym";
				ENABLE_NS_ASSERTIONS = NO;
				ENABLE_STRICT_OBJC_MSGSEND = YES;
				GCC_C_LANGUAGE_STANDARD = gnu99;
				GCC_NO_COMMON_BLOCKS = YES;
				GCC_WARN_64_TO_32_BIT_CONVERSION = YES;
				GCC_WARN_ABOUT_RETURN_TYPE = YES_ERROR;
				GCC_WARN_UNDECLARED_SELECTOR = YES;
				GCC_WARN_UNINITIALIZED_AUTOS = YES_AGGRESSIVE;
				GCC_WARN_UNUSED_FUNCTION = YES;
				GCC_WARN_UNUSED_VARIABLE = YES;
				IPHONEOS_DEPLOYMENT_TARGET = 9.3;
				MTL_ENABLE_DEBUG_INFO = NO;
				SDKROOT = iphoneos;
				VALIDATE_PRODUCT = YES;
			};
			name = Release;
		};
		8847D8C51D1AD0F700A087DB /* Debug */ = {
			isa = XCBuildConfiguration;
			buildSettings = {
				ASSETCATALOG_COMPILER_APPICON_NAME = AppIcon;
				INFOPLIST_FILE = "Double Boom/Info.plist";
				LD_RUNPATH_SEARCH_PATHS = "$(inherited) @executable_path/Frameworks";
				PRODUCT_BUNDLE_IDENTIFIER = "com.adam.Double-Boom";
				PRODUCT_NAME = "$(TARGET_NAME)";
			};
			name = Debug;
		};
		8847D8C61D1AD0F700A087DB /* Release */ = {
			isa = XCBuildConfiguration;
			buildSettings = {
				ASSETCATALOG_COMPILER_APPICON_NAME = AppIcon;
				INFOPLIST_FILE = "Double Boom/Info.plist";
				LD_RUNPATH_SEARCH_PATHS = "$(inherited) @executable_path/Frameworks";
				PRODUCT_BUNDLE_IDENTIFIER = "com.adam.Double-Boom";
				PRODUCT_NAME = "$(TARGET_NAME)";
			};
			name = Release;
		};
/* End XCBuildConfiguration section */

/* Begin XCConfigurationList section */
		8847D8AD1D1AD0F700A087DB /* Build configuration list for PBXProject "Double Boom" */ = {
			isa = XCConfigurationList;
			buildConfigurations = (
				8847D8C21D1AD0F700A087DB /* Debug */,
				8847D8C31D1AD0F700A087DB /* Release */,
			);
			defaultConfigurationIsVisible = 0;
			defaultConfigurationName = Release;
		};
		8847D8C41D1AD0F700A087DB /* Build configuration list for PBXNativeTarget "Double Boom" */ = {
			isa = XCConfigurationList;
			buildConfigurations = (
				8847D8C51D1AD0F700A087DB /* Debug */,
				8847D8C61D1AD0F700A087DB /* Release */,
			);
			defaultConfigurationIsVisible = 0;
		};
/* End XCConfigurationList section */
	};
	rootObject = 8847D8AA1D1AD0F700A087DB /* Project object */;
}
